
Microsoft Visual Studio Solution File, Format Version 12.00
# Visual Studio Version 16
VisualStudioVersion = 16.0.31105.61
MinimumVisualStudioVersion = 10.0.40219.1
Project("{FAE04EC0-301F-11D3-BF4B-00C04F79EFBC}") = "Clase1", "Clase1.csproj", "{D99B1208-DC56-4F5A-AC7C-68E06F4F25EC}"
EndProject
Global
	GlobalSection(SolutionConfigurationPlatforms) = preSolution
		Debug|Any CPU = Debug|Any CPU
		Release|Any CPU = Release|Any CPU
	EndGlobalSection
	GlobalSection(ProjectConfigurationPlatforms) = postSolution
		{D99B1208-DC56-4F5A-AC7C-68E06F4F25EC}.Debug|Any CPU.ActiveCfg = Debug|Any CPU
		{D99B1208-DC56-4F5A-AC7C-68E06F4F25EC}.Debug|Any CPU.Build.0 = Debug|Any CPU
		{D99B1208-DC56-4F5A-AC7C-68E06F4F25EC}.Release|Any CPU.ActiveCfg = Release|Any CPU
		{D99B1208-DC56-4F5A-AC7C-68E06F4F25EC}.Release|Any CPU.Build.0 = Release|Any CPU
	EndGlobalSection
	GlobalSection(SolutionProperties) = preSolution
		HideSolutionNode = FALSE
	EndGlobalSection
	GlobalSection(ExtensibilityGlobals) = postSolution
		SolutionGuid = {0EED3D6C-3D2D-4C5A-9FED-AE46787D8051}
	EndGlobalSection
EndGlobal
