
Microsoft Visual Studio Solution File, Format Version 12.00
# Visual Studio Version 16
VisualStudioVersion = 16.0.31105.61
MinimumVisualStudioVersion = 10.0.40219.1
Project("{FAE04EC0-301F-11D3-BF4B-00C04F79EFBC}") = "Clase9b", "Clase9b.csproj", "{85805E4E-6195-40FA-A79C-DC3D78266544}"
EndProject
Global
	GlobalSection(SolutionConfigurationPlatforms) = preSolution
		Debug|Any CPU = Debug|Any CPU
		Release|Any CPU = Release|Any CPU
	EndGlobalSection
	GlobalSection(ProjectConfigurationPlatforms) = postSolution
		{85805E4E-6195-40FA-A79C-DC3D78266544}.Debug|Any CPU.ActiveCfg = Debug|Any CPU
		{85805E4E-6195-40FA-A79C-DC3D78266544}.Debug|Any CPU.Build.0 = Debug|Any CPU
		{85805E4E-6195-40FA-A79C-DC3D78266544}.Release|Any CPU.ActiveCfg = Release|Any CPU
		{85805E4E-6195-40FA-A79C-DC3D78266544}.Release|Any CPU.Build.0 = Release|Any CPU
	EndGlobalSection
	GlobalSection(SolutionProperties) = preSolution
		HideSolutionNode = FALSE
	EndGlobalSection
	GlobalSection(ExtensibilityGlobals) = postSolution
		SolutionGuid = {B1096982-BE62-4741-8F8F-8CC33189BDC4}
	EndGlobalSection
EndGlobal
