
Microsoft Visual Studio Solution File, Format Version 12.00
# Visual Studio Version 16
VisualStudioVersion = 16.0.31105.61
MinimumVisualStudioVersion = 10.0.40219.1
Project("{FAE04EC0-301F-11D3-BF4B-00C04F79EFBC}") = "QuintaAplicacion", "QuintaAplicacion.csproj", "{FDE8A469-017A-432A-B4EC-1DE793F6F9C9}"
EndProject
Global
	GlobalSection(SolutionConfigurationPlatforms) = preSolution
		Debug|Any CPU = Debug|Any CPU
		Release|Any CPU = Release|Any CPU
	EndGlobalSection
	GlobalSection(ProjectConfigurationPlatforms) = postSolution
		{FDE8A469-017A-432A-B4EC-1DE793F6F9C9}.Debug|Any CPU.ActiveCfg = Debug|Any CPU
		{FDE8A469-017A-432A-B4EC-1DE793F6F9C9}.Debug|Any CPU.Build.0 = Debug|Any CPU
		{FDE8A469-017A-432A-B4EC-1DE793F6F9C9}.Release|Any CPU.ActiveCfg = Release|Any CPU
		{FDE8A469-017A-432A-B4EC-1DE793F6F9C9}.Release|Any CPU.Build.0 = Release|Any CPU
	EndGlobalSection
	GlobalSection(SolutionProperties) = preSolution
		HideSolutionNode = FALSE
	EndGlobalSection
	GlobalSection(ExtensibilityGlobals) = postSolution
		SolutionGuid = {4D7273E7-BC64-4796-912D-76CC7649C08D}
	EndGlobalSection
EndGlobal
