
Microsoft Visual Studio Solution File, Format Version 12.00
# Visual Studio Version 16
VisualStudioVersion = 16.0.31105.61
MinimumVisualStudioVersion = 10.0.40219.1
Project("{FAE04EC0-301F-11D3-BF4B-00C04F79EFBC}") = "CuartaAplicacion", "CuartaAplicacion.csproj", "{444C2A6F-22A1-4592-B208-96CC2A79C02A}"
EndProject
Global
	GlobalSection(SolutionConfigurationPlatforms) = preSolution
		Debug|Any CPU = Debug|Any CPU
		Release|Any CPU = Release|Any CPU
	EndGlobalSection
	GlobalSection(ProjectConfigurationPlatforms) = postSolution
		{444C2A6F-22A1-4592-B208-96CC2A79C02A}.Debug|Any CPU.ActiveCfg = Debug|Any CPU
		{444C2A6F-22A1-4592-B208-96CC2A79C02A}.Debug|Any CPU.Build.0 = Debug|Any CPU
		{444C2A6F-22A1-4592-B208-96CC2A79C02A}.Release|Any CPU.ActiveCfg = Release|Any CPU
		{444C2A6F-22A1-4592-B208-96CC2A79C02A}.Release|Any CPU.Build.0 = Release|Any CPU
	EndGlobalSection
	GlobalSection(SolutionProperties) = preSolution
		HideSolutionNode = FALSE
	EndGlobalSection
	GlobalSection(ExtensibilityGlobals) = postSolution
		SolutionGuid = {65E95D64-6E6E-4573-9DE5-69930B4A2A50}
	EndGlobalSection
EndGlobal
